
Microsoft Visual Studio Solution File, Format Version 12.00
# Visual Studio Version 16
VisualStudioVersion = 16.0.29102.190
MinimumVisualStudioVersion = 10.0.40219.1
Project("{FAE04EC0-301F-11D3-BF4B-00C04F79EFBC}") = "Elektronski Parking Sistem", "Elektronski Parking Sistem\Elektronski Parking Sistem.csproj", "{614E3663-0CDA-4AED-98C7-FD1EF59FFD7A}"
EndProject
Project("{FAE04EC0-301F-11D3-BF4B-00C04F79EFBC}") = "Elektronski Parking Sistem.Podaci", "Elektronski Parking Sistem.Podaci\Elektronski Parking Sistem.Podaci.csproj", "{A7003EBE-BE88-485F-860A-DA22903579B2}"
EndProject
Global
	GlobalSection(SolutionConfigurationPlatforms) = preSolution
		Debug|Any CPU = Debug|Any CPU
		Release|Any CPU = Release|Any CPU
	EndGlobalSection
	GlobalSection(ProjectConfigurationPlatforms) = postSolution
		{614E3663-0CDA-4AED-98C7-FD1EF59FFD7A}.Debug|Any CPU.ActiveCfg = Debug|Any CPU
		{614E3663-0CDA-4AED-98C7-FD1EF59FFD7A}.Debug|Any CPU.Build.0 = Debug|Any CPU
		{614E3663-0CDA-4AED-98C7-FD1EF59FFD7A}.Release|Any CPU.ActiveCfg = Release|Any CPU
		{614E3663-0CDA-4AED-98C7-FD1EF59FFD7A}.Release|Any CPU.Build.0 = Release|Any CPU
		{A7003EBE-BE88-485F-860A-DA22903579B2}.Debug|Any CPU.ActiveCfg = Debug|Any CPU
		{A7003EBE-BE88-485F-860A-DA22903579B2}.Debug|Any CPU.Build.0 = Debug|Any CPU
		{A7003EBE-BE88-485F-860A-DA22903579B2}.Release|Any CPU.ActiveCfg = Release|Any CPU
		{A7003EBE-BE88-485F-860A-DA22903579B2}.Release|Any CPU.Build.0 = Release|Any CPU
	EndGlobalSection
	GlobalSection(SolutionProperties) = preSolution
		HideSolutionNode = FALSE
	EndGlobalSection
	GlobalSection(ExtensibilityGlobals) = postSolution
		SolutionGuid = {02225515-B2E8-4BDA-8040-45415CAF5050}
	EndGlobalSection
EndGlobal
